// !$*UTF8*$!
{
	archiveVersion = 1;
	classes = {
	};
	objectVersion = 46;
	objects = {

/* Begin PBXBuildFile section */
		0A292B7EFB5D1A6A30E1D076 /* CoreText.framework in Frameworks */ = {isa = PBXBuildFile; fileRef = 37AED320BBBFC768EA64568A /* CoreText.framework */; };
		16AF7225CBD90EF93D12DB54 /* SystemConfiguration.framework in Frameworks */ = {isa = PBXBuildFile; fileRef = 705F8C50D862D484DEAE47E9 /* SystemConfiguration.framework */; };
		191A8B158BC4E82D85EE525D /* Pods_RomanNumeralCalculatorTests.framework in Frameworks */ = {isa = PBXBuildFile; fileRef = E9FF4E9F1FACEFED6C5C4B53 /* Pods_RomanNumeralCalculatorTests.framework */; };
		1A53FCD373D1CAFA463F6523 /* AssetsLibrary.framework in Frameworks */ = {isa = PBXBuildFile; fileRef = D3EF5A441DAC0455CE689465 /* AssetsLibrary.framework */; };
		42D73B1A1EBC7BFB00199238 /* ViewController.swift in Sources */ = {isa = PBXBuildFile; fileRef = 835AEC901D80DD800046555C /* ViewController.swift */; };
		42D73B1B1EBC7BFB00199238 /* RomanNumeral.swift in Sources */ = {isa = PBXBuildFile; fileRef = 835AECBC1D80ED8F0046555C /* RomanNumeral.swift */; };
		42D73B1C1EBC7BFB00199238 /* AppDelegate.swift in Sources */ = {isa = PBXBuildFile; fileRef = 835AEC8E1D80DD800046555C /* AppDelegate.swift */; };
		42D73B1E1EBC7BFB00199238 /* BuddyBuildSDK.framework in Frameworks */ = {isa = PBXBuildFile; fileRef = 5A5A3CCBF263EF915D9C85C8 /* BuddyBuildSDK.framework */; };
		42D73B1F1EBC7BFB00199238 /* AssetsLibrary.framework in Frameworks */ = {isa = PBXBuildFile; fileRef = D3EF5A441DAC0455CE689465 /* AssetsLibrary.framework */; };
		42D73B201EBC7BFB00199238 /* CoreText.framework in Frameworks */ = {isa = PBXBuildFile; fileRef = 37AED320BBBFC768EA64568A /* CoreText.framework */; };
		42D73B211EBC7BFB00199238 /* CoreTelephony.framework in Frameworks */ = {isa = PBXBuildFile; fileRef = 37895EB0CF2A034753AE055D /* CoreTelephony.framework */; };
		42D73B221EBC7BFB00199238 /* SystemConfiguration.framework in Frameworks */ = {isa = PBXBuildFile; fileRef = 705F8C50D862D484DEAE47E9 /* SystemConfiguration.framework */; };
		42D73B231EBC7BFB00199238 /* QuartzCore.framework in Frameworks */ = {isa = PBXBuildFile; fileRef = 4A1A7F887A35258C261C31D3 /* QuartzCore.framework */; };
		42D73B241EBC7BFB00199238 /* AVFoundation.framework in Frameworks */ = {isa = PBXBuildFile; fileRef = 4DFDF8A74CAF0D5B5662CF49 /* AVFoundation.framework */; };
		42D73B251EBC7BFB00199238 /* CoreMedia.framework in Frameworks */ = {isa = PBXBuildFile; fileRef = 5951AF4CEA3CF2D57B227873 /* CoreMedia.framework */; };
		42D73B261EBC7BFB00199238 /* CoreVideo.framework in Frameworks */ = {isa = PBXBuildFile; fileRef = 225CFD16321EC5AE467F9863 /* CoreVideo.framework */; };
		42D73B281EBC7BFB00199238 /* Assets.xcassets in Resources */ = {isa = PBXBuildFile; fileRef = 835AEC951D80DD800046555C /* Assets.xcassets */; };
		42D73B291EBC7BFB00199238 /* LaunchScreen.xib in Resources */ = {isa = PBXBuildFile; fileRef = A91340101DE008F2005ED9CA /* LaunchScreen.xib */; };
		42D73B2A1EBC7BFB00199238 /* Main.storyboard in Resources */ = {isa = PBXBuildFile; fileRef = 835AEC921D80DD800046555C /* Main.storyboard */; };
		42D73B3B1EBC84EF00199238 /* GoogleService-Info.plist in Resources */ = {isa = PBXBuildFile; fileRef = 42D73B3A1EBC84EF00199238 /* GoogleService-Info.plist */; };
		42D73B3D1EBC84FB00199238 /* GoogleService-Info.plist in Resources */ = {isa = PBXBuildFile; fileRef = 42D73B3C1EBC84FB00199238 /* GoogleService-Info.plist */; };
		42DE84731EBA32740017BAE2 /* RomanNumeralCalculatorTests.swift in Sources */ = {isa = PBXBuildFile; fileRef = 42DE84721EBA32740017BAE2 /* RomanNumeralCalculatorTests.swift */; };
		42DE84811EBA328F0017BAE2 /* RomanNumeralCalculatorUITests.swift in Sources */ = {isa = PBXBuildFile; fileRef = 42DE84801EBA328F0017BAE2 /* RomanNumeralCalculatorUITests.swift */; };
		835AEC8F1D80DD800046555C /* AppDelegate.swift in Sources */ = {isa = PBXBuildFile; fileRef = 835AEC8E1D80DD800046555C /* AppDelegate.swift */; };
		835AEC911D80DD800046555C /* ViewController.swift in Sources */ = {isa = PBXBuildFile; fileRef = 835AEC901D80DD800046555C /* ViewController.swift */; };
		835AEC941D80DD800046555C /* Main.storyboard in Resources */ = {isa = PBXBuildFile; fileRef = 835AEC921D80DD800046555C /* Main.storyboard */; };
		835AEC961D80DD800046555C /* Assets.xcassets in Resources */ = {isa = PBXBuildFile; fileRef = 835AEC951D80DD800046555C /* Assets.xcassets */; };
		835AECBD1D80ED8F0046555C /* RomanNumeral.swift in Sources */ = {isa = PBXBuildFile; fileRef = 835AECBC1D80ED8F0046555C /* RomanNumeral.swift */; };
		99880E3C7E9F4C2B0D5020F2 /* CoreTelephony.framework in Frameworks */ = {isa = PBXBuildFile; fileRef = 37895EB0CF2A034753AE055D /* CoreTelephony.framework */; };
		9F34197DA03865BDD00F1459 /* CoreVideo.framework in Frameworks */ = {isa = PBXBuildFile; fileRef = 225CFD16321EC5AE467F9863 /* CoreVideo.framework */; };
		A4DC94F8888C616A6D787FFA /* Pods_RomanNumeralCalculatorUITests.framework in Frameworks */ = {isa = PBXBuildFile; fileRef = 98309624A0ADAD2404E2E914 /* Pods_RomanNumeralCalculatorUITests.framework */; };
		A611E9A882360F6163FFD5B2 /* Pods_RomanNumeralCalculatorDev.framework in Frameworks */ = {isa = PBXBuildFile; fileRef = E539AE91FDC7A219834EDEBE /* Pods_RomanNumeralCalculatorDev.framework */; };
		A91340121DE008F2005ED9CA /* LaunchScreen.xib in Resources */ = {isa = PBXBuildFile; fileRef = A91340101DE008F2005ED9CA /* LaunchScreen.xib */; };
		BCBF1C3CCBCC9989505B1287 /* QuartzCore.framework in Frameworks */ = {isa = PBXBuildFile; fileRef = 4A1A7F887A35258C261C31D3 /* QuartzCore.framework */; };
		BE6A18E06F2BAE89DE50BE04 /* Pods_RomanNumeralCalculator.framework in Frameworks */ = {isa = PBXBuildFile; fileRef = F50A87AA7DB74F05855D1F3E /* Pods_RomanNumeralCalculator.framework */; };
		C21514413BB681C9D4C4A074 /* CoreMedia.framework in Frameworks */ = {isa = PBXBuildFile; fileRef = 5951AF4CEA3CF2D57B227873 /* CoreMedia.framework */; };
		CF280ABD4CB8DCA94CD0EC00 /* AVFoundation.framework in Frameworks */ = {isa = PBXBuildFile; fileRef = 4DFDF8A74CAF0D5B5662CF49 /* AVFoundation.framework */; };
		E21D174E1DB31148E7513728 /* BuddyBuildSDK.framework in Frameworks */ = {isa = PBXBuildFile; fileRef = 5A5A3CCBF263EF915D9C85C8 /* BuddyBuildSDK.framework */; };
/* End PBXBuildFile section */

/* Begin PBXContainerItemProxy section */
		42DE84751EBA32740017BAE2 /* PBXContainerItemProxy */ = {
			isa = PBXContainerItemProxy;
			containerPortal = 835AEC831D80DD7F0046555C /* Project object */;
			proxyType = 1;
			remoteGlobalIDString = 835AEC8A1D80DD7F0046555C;
			remoteInfo = RomanNumeralCalculator;
		};
		42DE84831EBA328F0017BAE2 /* PBXContainerItemProxy */ = {
			isa = PBXContainerItemProxy;
			containerPortal = 835AEC831D80DD7F0046555C /* Project object */;
			proxyType = 1;
			remoteGlobalIDString = 835AEC8A1D80DD7F0046555C;
			remoteInfo = RomanNumeralCalculator;
		};
/* End PBXContainerItemProxy section */

/* Begin PBXFileReference section */
		008162A17C74E89635DB6922 /* Pods-RomanNumeralCalculator.debug.xcconfig */ = {isa = PBXFileReference; includeInIndex = 1; lastKnownFileType = text.xcconfig; name = "Pods-RomanNumeralCalculator.debug.xcconfig"; path = "Pods/Target Support Files/Pods-RomanNumeralCalculator/Pods-RomanNumeralCalculator.debug.xcconfig"; sourceTree = "<group>"; };
		225CFD16321EC5AE467F9863 /* CoreVideo.framework */ = {isa = PBXFileReference; lastKnownFileType = wrapper.framework; name = CoreVideo.framework; path = System/Library/Frameworks/CoreVideo.framework; sourceTree = SDKROOT; };
		33F48317E565F72FE74686C4 /* Pods-RomanNumeralCalculatorTests.release.xcconfig */ = {isa = PBXFileReference; includeInIndex = 1; lastKnownFileType = text.xcconfig; name = "Pods-RomanNumeralCalculatorTests.release.xcconfig"; path = "Pods/Target Support Files/Pods-RomanNumeralCalculatorTests/Pods-RomanNumeralCalculatorTests.release.xcconfig"; sourceTree = "<group>"; };
		36DB428ED4CBDA0047400BFB /* Pods-RomanNumeralCalculatorUITests.debug.xcconfig */ = {isa = PBXFileReference; includeInIndex = 1; lastKnownFileType = text.xcconfig; name = "Pods-RomanNumeralCalculatorUITests.debug.xcconfig"; path = "Pods/Target Support Files/Pods-RomanNumeralCalculatorUITests/Pods-RomanNumeralCalculatorUITests.debug.xcconfig"; sourceTree = "<group>"; };
		37895EB0CF2A034753AE055D /* CoreTelephony.framework */ = {isa = PBXFileReference; lastKnownFileType = wrapper.framework; name = CoreTelephony.framework; path = System/Library/Frameworks/CoreTelephony.framework; sourceTree = SDKROOT; };
		37AED320BBBFC768EA64568A /* CoreText.framework */ = {isa = PBXFileReference; lastKnownFileType = wrapper.framework; name = CoreText.framework; path = System/Library/Frameworks/CoreText.framework; sourceTree = SDKROOT; };
		42D73B2E1EBC7BFB00199238 /* RomanNumeralCalculatorDev.app */ = {isa = PBXFileReference; explicitFileType = wrapper.application; includeInIndex = 0; path = RomanNumeralCalculatorDev.app; sourceTree = BUILT_PRODUCTS_DIR; };
		42D73B2F1EBC7BFC00199238 /* RomanNumeralCalculatorDev-Info.plist */ = {isa = PBXFileReference; lastKnownFileType = text.plist.xml; name = "RomanNumeralCalculatorDev-Info.plist"; path = "/Users/Programmer/Downloads/iosProjectsAndLibs/ios-short-continuous-integration-master/RomanNumeralCalculatorDev-Info.plist"; sourceTree = "<absolute>"; };
		42D73B3A1EBC84EF00199238 /* GoogleService-Info.plist */ = {isa = PBXFileReference; fileEncoding = 4; lastKnownFileType = text.plist.xml; name = "GoogleService-Info.plist"; path = "Release/GoogleService-Info.plist"; sourceTree = "<group>"; };
		42D73B3C1EBC84FB00199238 /* GoogleService-Info.plist */ = {isa = PBXFileReference; fileEncoding = 4; lastKnownFileType = text.plist.xml; name = "GoogleService-Info.plist"; path = "Develop/GoogleService-Info.plist"; sourceTree = "<group>"; };
		42DE84701EBA32740017BAE2 /* RomanNumeralCalculatorTests.xctest */ = {isa = PBXFileReference; explicitFileType = wrapper.cfbundle; includeInIndex = 0; path = RomanNumeralCalculatorTests.xctest; sourceTree = BUILT_PRODUCTS_DIR; };
		42DE84721EBA32740017BAE2 /* RomanNumeralCalculatorTests.swift */ = {isa = PBXFileReference; lastKnownFileType = sourcecode.swift; path = RomanNumeralCalculatorTests.swift; sourceTree = "<group>"; };
		42DE84741EBA32740017BAE2 /* Info.plist */ = {isa = PBXFileReference; lastKnownFileType = text.plist.xml; path = Info.plist; sourceTree = "<group>"; };
		42DE847E1EBA328F0017BAE2 /* RomanNumeralCalculatorUITests.xctest */ = {isa = PBXFileReference; explicitFileType = wrapper.cfbundle; includeInIndex = 0; path = RomanNumeralCalculatorUITests.xctest; sourceTree = BUILT_PRODUCTS_DIR; };
		42DE84801EBA328F0017BAE2 /* RomanNumeralCalculatorUITests.swift */ = {isa = PBXFileReference; lastKnownFileType = sourcecode.swift; path = RomanNumeralCalculatorUITests.swift; sourceTree = "<group>"; };
		42DE84821EBA328F0017BAE2 /* Info.plist */ = {isa = PBXFileReference; lastKnownFileType = text.plist.xml; path = Info.plist; sourceTree = "<group>"; };
		4A1A7F887A35258C261C31D3 /* QuartzCore.framework */ = {isa = PBXFileReference; lastKnownFileType = wrapper.framework; name = QuartzCore.framework; path = System/Library/Frameworks/QuartzCore.framework; sourceTree = SDKROOT; };
		4DFDF8A74CAF0D5B5662CF49 /* AVFoundation.framework */ = {isa = PBXFileReference; lastKnownFileType = wrapper.framework; name = AVFoundation.framework; path = System/Library/Frameworks/AVFoundation.framework; sourceTree = SDKROOT; };
		5951AF4CEA3CF2D57B227873 /* CoreMedia.framework */ = {isa = PBXFileReference; lastKnownFileType = wrapper.framework; name = CoreMedia.framework; path = System/Library/Frameworks/CoreMedia.framework; sourceTree = SDKROOT; };
		5A5A3CCBF263EF915D9C85C8 /* BuddyBuildSDK.framework */ = {isa = PBXFileReference; lastKnownFileType = wrapper.framework; path = BuddyBuildSDK.framework; sourceTree = "<group>"; };
		6915DE6AE00E6DFFE79F2996 /* Pods-RomanNumeralCalculatorTests.debug.xcconfig */ = {isa = PBXFileReference; includeInIndex = 1; lastKnownFileType = text.xcconfig; name = "Pods-RomanNumeralCalculatorTests.debug.xcconfig"; path = "Pods/Target Support Files/Pods-RomanNumeralCalculatorTests/Pods-RomanNumeralCalculatorTests.debug.xcconfig"; sourceTree = "<group>"; };
		705F8C50D862D484DEAE47E9 /* SystemConfiguration.framework */ = {isa = PBXFileReference; lastKnownFileType = wrapper.framework; name = SystemConfiguration.framework; path = System/Library/Frameworks/SystemConfiguration.framework; sourceTree = SDKROOT; };
		835AEC8B1D80DD800046555C /* RomanNumeralCalculator.app */ = {isa = PBXFileReference; explicitFileType = wrapper.application; includeInIndex = 0; path = RomanNumeralCalculator.app; sourceTree = BUILT_PRODUCTS_DIR; };
		835AEC8E1D80DD800046555C /* AppDelegate.swift */ = {isa = PBXFileReference; lastKnownFileType = sourcecode.swift; path = AppDelegate.swift; sourceTree = "<group>"; };
		835AEC901D80DD800046555C /* ViewController.swift */ = {isa = PBXFileReference; lastKnownFileType = sourcecode.swift; path = ViewController.swift; sourceTree = "<group>"; };
		835AEC931D80DD800046555C /* Base */ = {isa = PBXFileReference; lastKnownFileType = file.storyboard; name = Base; path = Base.lproj/Main.storyboard; sourceTree = "<group>"; };
		835AEC951D80DD800046555C /* Assets.xcassets */ = {isa = PBXFileReference; lastKnownFileType = folder.assetcatalog; path = Assets.xcassets; sourceTree = "<group>"; };
		835AEC9A1D80DD800046555C /* Info.plist */ = {isa = PBXFileReference; lastKnownFileType = text.plist.xml; path = Info.plist; sourceTree = "<group>"; };
		835AECBC1D80ED8F0046555C /* RomanNumeral.swift */ = {isa = PBXFileReference; fileEncoding = 4; lastKnownFileType = sourcecode.swift; path = RomanNumeral.swift; sourceTree = "<group>"; };
		8715F20408E0D6AD22C6B5E1 /* Pods-RomanNumeralCalculatorDev.release.xcconfig */ = {isa = PBXFileReference; includeInIndex = 1; lastKnownFileType = text.xcconfig; name = "Pods-RomanNumeralCalculatorDev.release.xcconfig"; path = "Pods/Target Support Files/Pods-RomanNumeralCalculatorDev/Pods-RomanNumeralCalculatorDev.release.xcconfig"; sourceTree = "<group>"; };
		98309624A0ADAD2404E2E914 /* Pods_RomanNumeralCalculatorUITests.framework */ = {isa = PBXFileReference; explicitFileType = wrapper.framework; includeInIndex = 0; path = Pods_RomanNumeralCalculatorUITests.framework; sourceTree = BUILT_PRODUCTS_DIR; };
		A808F7FBC627742431692538 /* Pods-RomanNumeralCalculator.release.xcconfig */ = {isa = PBXFileReference; includeInIndex = 1; lastKnownFileType = text.xcconfig; name = "Pods-RomanNumeralCalculator.release.xcconfig"; path = "Pods/Target Support Files/Pods-RomanNumeralCalculator/Pods-RomanNumeralCalculator.release.xcconfig"; sourceTree = "<group>"; };
		A91340111DE008F2005ED9CA /* Base */ = {isa = PBXFileReference; lastKnownFileType = file.xib; name = Base; path = Base.lproj/LaunchScreen.xib; sourceTree = "<group>"; };
		AC3A33E67DBF470B61B3A227 /* Pods-RomanNumeralCalculatorUITests.release.xcconfig */ = {isa = PBXFileReference; includeInIndex = 1; lastKnownFileType = text.xcconfig; name = "Pods-RomanNumeralCalculatorUITests.release.xcconfig"; path = "Pods/Target Support Files/Pods-RomanNumeralCalculatorUITests/Pods-RomanNumeralCalculatorUITests.release.xcconfig"; sourceTree = "<group>"; };
		B22B2727699898BE8EC85AC9 /* Pods-RomanNumeralCalculatorDev.debug.xcconfig */ = {isa = PBXFileReference; includeInIndex = 1; lastKnownFileType = text.xcconfig; name = "Pods-RomanNumeralCalculatorDev.debug.xcconfig"; path = "Pods/Target Support Files/Pods-RomanNumeralCalculatorDev/Pods-RomanNumeralCalculatorDev.debug.xcconfig"; sourceTree = "<group>"; };
		C8E0705BB1B86B921B6346A7 /* Bridging-Header.h */ = {isa = PBXFileReference; includeInIndex = 1; lastKnownFileType = sourcecode.c.h; path = "Bridging-Header.h"; sourceTree = "<group>"; };
		D3EF5A441DAC0455CE689465 /* AssetsLibrary.framework */ = {isa = PBXFileReference; lastKnownFileType = wrapper.framework; name = AssetsLibrary.framework; path = System/Library/Frameworks/AssetsLibrary.framework; sourceTree = SDKROOT; };
		E539AE91FDC7A219834EDEBE /* Pods_RomanNumeralCalculatorDev.framework */ = {isa = PBXFileReference; explicitFileType = wrapper.framework; includeInIndex = 0; path = Pods_RomanNumeralCalculatorDev.framework; sourceTree = BUILT_PRODUCTS_DIR; };
		E9FF4E9F1FACEFED6C5C4B53 /* Pods_RomanNumeralCalculatorTests.framework */ = {isa = PBXFileReference; explicitFileType = wrapper.framework; includeInIndex = 0; path = Pods_RomanNumeralCalculatorTests.framework; sourceTree = BUILT_PRODUCTS_DIR; };
		F50A87AA7DB74F05855D1F3E /* Pods_RomanNumeralCalculator.framework */ = {isa = PBXFileReference; explicitFileType = wrapper.framework; includeInIndex = 0; path = Pods_RomanNumeralCalculator.framework; sourceTree = BUILT_PRODUCTS_DIR; };
/* End PBXFileReference section */

/* Begin PBXFrameworksBuildPhase section */
		42D73B1D1EBC7BFB00199238 /* Frameworks */ = {
			isa = PBXFrameworksBuildPhase;
			buildActionMask = 2147483647;
			files = (
				42D73B1E1EBC7BFB00199238 /* BuddyBuildSDK.framework in Frameworks */,
				42D73B1F1EBC7BFB00199238 /* AssetsLibrary.framework in Frameworks */,
				42D73B201EBC7BFB00199238 /* CoreText.framework in Frameworks */,
				42D73B211EBC7BFB00199238 /* CoreTelephony.framework in Frameworks */,
				42D73B221EBC7BFB00199238 /* SystemConfiguration.framework in Frameworks */,
				42D73B231EBC7BFB00199238 /* QuartzCore.framework in Frameworks */,
				42D73B241EBC7BFB00199238 /* AVFoundation.framework in Frameworks */,
				42D73B251EBC7BFB00199238 /* CoreMedia.framework in Frameworks */,
				42D73B261EBC7BFB00199238 /* CoreVideo.framework in Frameworks */,
				A611E9A882360F6163FFD5B2 /* Pods_RomanNumeralCalculatorDev.framework in Frameworks */,
			);
			runOnlyForDeploymentPostprocessing = 0;
		};
		42DE846D1EBA32740017BAE2 /* Frameworks */ = {
			isa = PBXFrameworksBuildPhase;
			buildActionMask = 2147483647;
			files = (
				191A8B158BC4E82D85EE525D /* Pods_RomanNumeralCalculatorTests.framework in Frameworks */,
			);
			runOnlyForDeploymentPostprocessing = 0;
		};
		42DE847B1EBA328F0017BAE2 /* Frameworks */ = {
			isa = PBXFrameworksBuildPhase;
			buildActionMask = 2147483647;
			files = (
				A4DC94F8888C616A6D787FFA /* Pods_RomanNumeralCalculatorUITests.framework in Frameworks */,
			);
			runOnlyForDeploymentPostprocessing = 0;
		};
		835AEC881D80DD7F0046555C /* Frameworks */ = {
			isa = PBXFrameworksBuildPhase;
			buildActionMask = 2147483647;
			files = (
				E21D174E1DB31148E7513728 /* BuddyBuildSDK.framework in Frameworks */,
				1A53FCD373D1CAFA463F6523 /* AssetsLibrary.framework in Frameworks */,
				0A292B7EFB5D1A6A30E1D076 /* CoreText.framework in Frameworks */,
				99880E3C7E9F4C2B0D5020F2 /* CoreTelephony.framework in Frameworks */,
				16AF7225CBD90EF93D12DB54 /* SystemConfiguration.framework in Frameworks */,
				BCBF1C3CCBCC9989505B1287 /* QuartzCore.framework in Frameworks */,
				CF280ABD4CB8DCA94CD0EC00 /* AVFoundation.framework in Frameworks */,
				C21514413BB681C9D4C4A074 /* CoreMedia.framework in Frameworks */,
				9F34197DA03865BDD00F1459 /* CoreVideo.framework in Frameworks */,
				BE6A18E06F2BAE89DE50BE04 /* Pods_RomanNumeralCalculator.framework in Frameworks */,
			);
			runOnlyForDeploymentPostprocessing = 0;
		};
/* End PBXFrameworksBuildPhase section */

/* Begin PBXGroup section */
		42D73B341EBC847500199238 /* Dev */ = {
			isa = PBXGroup;
			children = (
				42D73B3C1EBC84FB00199238 /* GoogleService-Info.plist */,
			);
			name = Dev;
			sourceTree = "<group>";
		};
		42D73B351EBC847C00199238 /* Rel */ = {
			isa = PBXGroup;
			children = (
				42D73B3A1EBC84EF00199238 /* GoogleService-Info.plist */,
			);
			name = Rel;
			sourceTree = "<group>";
		};
		42DE84711EBA32740017BAE2 /* RomanNumeralCalculatorTests */ = {
			isa = PBXGroup;
			children = (
				42DE84721EBA32740017BAE2 /* RomanNumeralCalculatorTests.swift */,
				42DE84741EBA32740017BAE2 /* Info.plist */,
			);
			path = RomanNumeralCalculatorTests;
			sourceTree = "<group>";
		};
		42DE847F1EBA328F0017BAE2 /* RomanNumeralCalculatorUITests */ = {
			isa = PBXGroup;
			children = (
				42DE84801EBA328F0017BAE2 /* RomanNumeralCalculatorUITests.swift */,
				42DE84821EBA328F0017BAE2 /* Info.plist */,
			);
			path = RomanNumeralCalculatorUITests;
			sourceTree = "<group>";
		};
		835AEC821D80DD7F0046555C = {
			isa = PBXGroup;
			children = (
				835AEC8D1D80DD800046555C /* RomanNumeralCalculator */,
				42DE84711EBA32740017BAE2 /* RomanNumeralCalculatorTests */,
				42DE847F1EBA328F0017BAE2 /* RomanNumeralCalculatorUITests */,
				835AEC8C1D80DD800046555C /* Products */,
				A9F6F27287346C1FC33A6594 /* Frameworks */,
				C8E0705BB1B86B921B6346A7 /* Bridging-Header.h */,
				42D73B2F1EBC7BFC00199238 /* RomanNumeralCalculatorDev-Info.plist */,
				8E9582FE42C152011396E91C /* Pods */,
			);
			sourceTree = "<group>";
		};
		835AEC8C1D80DD800046555C /* Products */ = {
			isa = PBXGroup;
			children = (
				835AEC8B1D80DD800046555C /* RomanNumeralCalculator.app */,
				42DE84701EBA32740017BAE2 /* RomanNumeralCalculatorTests.xctest */,
				42DE847E1EBA328F0017BAE2 /* RomanNumeralCalculatorUITests.xctest */,
				42D73B2E1EBC7BFB00199238 /* RomanNumeralCalculatorDev.app */,
			);
			name = Products;
			sourceTree = "<group>";
		};
		835AEC8D1D80DD800046555C /* RomanNumeralCalculator */ = {
			isa = PBXGroup;
			children = (
				42D73B351EBC847C00199238 /* Rel */,
				42D73B341EBC847500199238 /* Dev */,
				835AEC8E1D80DD800046555C /* AppDelegate.swift */,
				835AEC901D80DD800046555C /* ViewController.swift */,
				835AECBC1D80ED8F0046555C /* RomanNumeral.swift */,
				835AEC951D80DD800046555C /* Assets.xcassets */,
				835AEC921D80DD800046555C /* Main.storyboard */,
				A91340101DE008F2005ED9CA /* LaunchScreen.xib */,
				835AEC9A1D80DD800046555C /* Info.plist */,
			);
			path = RomanNumeralCalculator;
			sourceTree = "<group>";
		};
		8E9582FE42C152011396E91C /* Pods */ = {
			isa = PBXGroup;
			children = (
				008162A17C74E89635DB6922 /* Pods-RomanNumeralCalculator.debug.xcconfig */,
				A808F7FBC627742431692538 /* Pods-RomanNumeralCalculator.release.xcconfig */,
				B22B2727699898BE8EC85AC9 /* Pods-RomanNumeralCalculatorDev.debug.xcconfig */,
				8715F20408E0D6AD22C6B5E1 /* Pods-RomanNumeralCalculatorDev.release.xcconfig */,
				6915DE6AE00E6DFFE79F2996 /* Pods-RomanNumeralCalculatorTests.debug.xcconfig */,
				33F48317E565F72FE74686C4 /* Pods-RomanNumeralCalculatorTests.release.xcconfig */,
				36DB428ED4CBDA0047400BFB /* Pods-RomanNumeralCalculatorUITests.debug.xcconfig */,
				AC3A33E67DBF470B61B3A227 /* Pods-RomanNumeralCalculatorUITests.release.xcconfig */,
			);
			name = Pods;
			sourceTree = "<group>";
		};
		A9F6F27287346C1FC33A6594 /* Frameworks */ = {
			isa = PBXGroup;
			children = (
				5A5A3CCBF263EF915D9C85C8 /* BuddyBuildSDK.framework */,
				D3EF5A441DAC0455CE689465 /* AssetsLibrary.framework */,
				37AED320BBBFC768EA64568A /* CoreText.framework */,
				37895EB0CF2A034753AE055D /* CoreTelephony.framework */,
				705F8C50D862D484DEAE47E9 /* SystemConfiguration.framework */,
				4A1A7F887A35258C261C31D3 /* QuartzCore.framework */,
				4DFDF8A74CAF0D5B5662CF49 /* AVFoundation.framework */,
				5951AF4CEA3CF2D57B227873 /* CoreMedia.framework */,
				225CFD16321EC5AE467F9863 /* CoreVideo.framework */,
				F50A87AA7DB74F05855D1F3E /* Pods_RomanNumeralCalculator.framework */,
				E539AE91FDC7A219834EDEBE /* Pods_RomanNumeralCalculatorDev.framework */,
				E9FF4E9F1FACEFED6C5C4B53 /* Pods_RomanNumeralCalculatorTests.framework */,
				98309624A0ADAD2404E2E914 /* Pods_RomanNumeralCalculatorUITests.framework */,
			);
			name = Frameworks;
			sourceTree = "<group>";
		};
/* End PBXGroup section */

/* Begin PBXNativeTarget section */
		42D73B181EBC7BFB00199238 /* RomanNumeralCalculatorDev */ = {
			isa = PBXNativeTarget;
			buildConfigurationList = 42D73B2B1EBC7BFB00199238 /* Build configuration list for PBXNativeTarget "RomanNumeralCalculatorDev" */;
			buildPhases = (
				2608B50882CD6F2E98508A15 /* [CP] Check Pods Manifest.lock */,
				42D73B191EBC7BFB00199238 /* Sources */,
				42D73B1D1EBC7BFB00199238 /* Frameworks */,
				42D73B271EBC7BFB00199238 /* Resources */,
				31E5A74254C5B021DAA680F1 /* [CP] Embed Pods Frameworks */,
				4FF399A49B62ECF1B41FB213 /* [CP] Copy Pods Resources */,
			);
			buildRules = (
			);
			dependencies = (
			);
			name = RomanNumeralCalculatorDev;
			productName = RomanNumeralCalculator;
			productReference = 42D73B2E1EBC7BFB00199238 /* RomanNumeralCalculatorDev.app */;
			productType = "com.apple.product-type.application";
		};
		42DE846F1EBA32740017BAE2 /* RomanNumeralCalculatorTests */ = {
			isa = PBXNativeTarget;
			buildConfigurationList = 42DE84771EBA32740017BAE2 /* Build configuration list for PBXNativeTarget "RomanNumeralCalculatorTests" */;
			buildPhases = (
				48655EB7EDD65330D8D5B9BB /* [CP] Check Pods Manifest.lock */,
				42DE846C1EBA32740017BAE2 /* Sources */,
				42DE846D1EBA32740017BAE2 /* Frameworks */,
				42DE846E1EBA32740017BAE2 /* Resources */,
				BD54442DFDF3D952A0AD77AE /* [CP] Embed Pods Frameworks */,
				E3FECCDE9ACFE7259B4E2770 /* [CP] Copy Pods Resources */,
			);
			buildRules = (
			);
			dependencies = (
				42DE84761EBA32740017BAE2 /* PBXTargetDependency */,
			);
			name = RomanNumeralCalculatorTests;
			productName = RomanNumeralCalculatorTests;
			productReference = 42DE84701EBA32740017BAE2 /* RomanNumeralCalculatorTests.xctest */;
			productType = "com.apple.product-type.bundle.unit-test";
		};
		42DE847D1EBA328F0017BAE2 /* RomanNumeralCalculatorUITests */ = {
			isa = PBXNativeTarget;
			buildConfigurationList = 42DE84851EBA328F0017BAE2 /* Build configuration list for PBXNativeTarget "RomanNumeralCalculatorUITests" */;
			buildPhases = (
				55B98AFCFF9C3D9298A5DD77 /* [CP] Check Pods Manifest.lock */,
				42DE847A1EBA328F0017BAE2 /* Sources */,
				42DE847B1EBA328F0017BAE2 /* Frameworks */,
				42DE847C1EBA328F0017BAE2 /* Resources */,
				1BDFAEC61E202E2B6AE18AF7 /* [CP] Embed Pods Frameworks */,
				3E76D5E3C152873B36ED6DC6 /* [CP] Copy Pods Resources */,
			);
			buildRules = (
			);
			dependencies = (
				42DE84841EBA328F0017BAE2 /* PBXTargetDependency */,
			);
			name = RomanNumeralCalculatorUITests;
			productName = RomanNumeralCalculatorUITests;
			productReference = 42DE847E1EBA328F0017BAE2 /* RomanNumeralCalculatorUITests.xctest */;
			productType = "com.apple.product-type.bundle.ui-testing";
		};
		835AEC8A1D80DD7F0046555C /* RomanNumeralCalculator */ = {
			isa = PBXNativeTarget;
			buildConfigurationList = 835AECB31D80DD800046555C /* Build configuration list for PBXNativeTarget "RomanNumeralCalculator" */;
			buildPhases = (
				E42FFE9123EA752DFD1F6611 /* [CP] Check Pods Manifest.lock */,
				835AEC871D80DD7F0046555C /* Sources */,
				835AEC881D80DD7F0046555C /* Frameworks */,
				835AEC891D80DD7F0046555C /* Resources */,
				0C2FA52D14376FE5DE76108D /* [CP] Embed Pods Frameworks */,
				0CA81EFFABFB659B9266260B /* [CP] Copy Pods Resources */,
			);
			buildRules = (
			);
			dependencies = (
			);
			name = RomanNumeralCalculator;
			productName = RomanNumeralCalculator;
			productReference = 835AEC8B1D80DD800046555C /* RomanNumeralCalculator.app */;
			productType = "com.apple.product-type.application";
		};
/* End PBXNativeTarget section */

/* Begin PBXProject section */
		835AEC831D80DD7F0046555C /* Project object */ = {
			isa = PBXProject;
			attributes = {
				LastSwiftUpdateCheck = 0830;
				LastUpgradeCheck = 0810;
				ORGANIZATIONNAME = buddybuild;
				TargetAttributes = {
					42D73B181EBC7BFB00199238 = {
						DevelopmentTeam = ZAD32BLY8Z;
					};
					42DE846F1EBA32740017BAE2 = {
						CreatedOnToolsVersion = 8.3.2;
						DevelopmentTeam = ZAD32BLY8Z;
						ProvisioningStyle = Automatic;
						TestTargetID = 835AEC8A1D80DD7F0046555C;
					};
					42DE847D1EBA328F0017BAE2 = {
						CreatedOnToolsVersion = 8.3.2;
						DevelopmentTeam = ZAD32BLY8Z;
						ProvisioningStyle = Automatic;
						TestTargetID = 835AEC8A1D80DD7F0046555C;
					};
					835AEC8A1D80DD7F0046555C = {
						CreatedOnToolsVersion = 7.3;
						DevelopmentTeam = ZAD32BLY8Z;
						LastSwiftMigration = 0810;
						SystemCapabilities = {
							com.apple.BackgroundModes = {
								enabled = 1;
							};
						};
					};
				};
			};
			buildConfigurationList = 835AEC861D80DD7F0046555C /* Build configuration list for PBXProject "RomanNumeralCalculator" */;
			compatibilityVersion = "Xcode 3.2";
			developmentRegion = English;
			hasScannedForEncodings = 0;
			knownRegions = (
				en,
				Base,
			);
			mainGroup = 835AEC821D80DD7F0046555C;
			productRefGroup = 835AEC8C1D80DD800046555C /* Products */;
			projectDirPath = "";
			projectRoot = "";
			targets = (
				835AEC8A1D80DD7F0046555C /* RomanNumeralCalculator */,
				42DE846F1EBA32740017BAE2 /* RomanNumeralCalculatorTests */,
				42DE847D1EBA328F0017BAE2 /* RomanNumeralCalculatorUITests */,
				42D73B181EBC7BFB00199238 /* RomanNumeralCalculatorDev */,
			);
		};
/* End PBXProject section */

/* Begin PBXResourcesBuildPhase section */
		42D73B271EBC7BFB00199238 /* Resources */ = {
			isa = PBXResourcesBuildPhase;
			buildActionMask = 2147483647;
			files = (
				42D73B281EBC7BFB00199238 /* Assets.xcassets in Resources */,
				42D73B3D1EBC84FB00199238 /* GoogleService-Info.plist in Resources */,
				42D73B291EBC7BFB00199238 /* LaunchScreen.xib in Resources */,
				42D73B2A1EBC7BFB00199238 /* Main.storyboard in Resources */,
			);
			runOnlyForDeploymentPostprocessing = 0;
		};
		42DE846E1EBA32740017BAE2 /* Resources */ = {
			isa = PBXResourcesBuildPhase;
			buildActionMask = 2147483647;
			files = (
			);
			runOnlyForDeploymentPostprocessing = 0;
		};
		42DE847C1EBA328F0017BAE2 /* Resources */ = {
			isa = PBXResourcesBuildPhase;
			buildActionMask = 2147483647;
			files = (
			);
			runOnlyForDeploymentPostprocessing = 0;
		};
		835AEC891D80DD7F0046555C /* Resources */ = {
			isa = PBXResourcesBuildPhase;
			buildActionMask = 2147483647;
			files = (
				835AEC961D80DD800046555C /* Assets.xcassets in Resources */,
				42D73B3B1EBC84EF00199238 /* GoogleService-Info.plist in Resources */,
				A91340121DE008F2005ED9CA /* LaunchScreen.xib in Resources */,
				835AEC941D80DD800046555C /* Main.storyboard in Resources */,
			);
			runOnlyForDeploymentPostprocessing = 0;
		};
/* End PBXResourcesBuildPhase section */

/* Begin PBXShellScriptBuildPhase section */
		0C2FA52D14376FE5DE76108D /* [CP] Embed Pods Frameworks */ = {
			isa = PBXShellScriptBuildPhase;
			buildActionMask = 2147483647;
			files = (
			);
			inputPaths = (
			);
			name = "[CP] Embed Pods Frameworks";
			outputPaths = (
			);
			runOnlyForDeploymentPostprocessing = 0;
			shellPath = /bin/sh;
			shellScript = "\"${SRCROOT}/Pods/Target Support Files/Pods-RomanNumeralCalculator/Pods-RomanNumeralCalculator-frameworks.sh\"\n";
			showEnvVarsInLog = 0;
		};
		0CA81EFFABFB659B9266260B /* [CP] Copy Pods Resources */ = {
			isa = PBXShellScriptBuildPhase;
			buildActionMask = 2147483647;
			files = (
			);
			inputPaths = (
			);
			name = "[CP] Copy Pods Resources";
			outputPaths = (
			);
			runOnlyForDeploymentPostprocessing = 0;
			shellPath = /bin/sh;
			shellScript = "\"${SRCROOT}/Pods/Target Support Files/Pods-RomanNumeralCalculator/Pods-RomanNumeralCalculator-resources.sh\"\n";
			showEnvVarsInLog = 0;
		};
		1BDFAEC61E202E2B6AE18AF7 /* [CP] Embed Pods Frameworks */ = {
			isa = PBXShellScriptBuildPhase;
			buildActionMask = 2147483647;
			files = (
			);
			inputPaths = (
			);
			name = "[CP] Embed Pods Frameworks";
			outputPaths = (
			);
			runOnlyForDeploymentPostprocessing = 0;
			shellPath = /bin/sh;
			shellScript = "\"${SRCROOT}/Pods/Target Support Files/Pods-RomanNumeralCalculatorUITests/Pods-RomanNumeralCalculatorUITests-frameworks.sh\"\n";
			showEnvVarsInLog = 0;
		};
		2608B50882CD6F2E98508A15 /* [CP] Check Pods Manifest.lock */ = {
			isa = PBXShellScriptBuildPhase;
			buildActionMask = 2147483647;
			files = (
			);
			inputPaths = (
			);
			name = "[CP] Check Pods Manifest.lock";
			outputPaths = (
			);
			runOnlyForDeploymentPostprocessing = 0;
			shellPath = /bin/sh;
			shellScript = "diff \"${PODS_ROOT}/../Podfile.lock\" \"${PODS_ROOT}/Manifest.lock\" > /dev/null\nif [ $? != 0 ] ; then\n    # print error to STDERR\n    echo \"error: The sandbox is not in sync with the Podfile.lock. Run 'pod install' or update your CocoaPods installation.\" >&2\n    exit 1\nfi\n";
			showEnvVarsInLog = 0;
		};
		31E5A74254C5B021DAA680F1 /* [CP] Embed Pods Frameworks */ = {
			isa = PBXShellScriptBuildPhase;
			buildActionMask = 2147483647;
			files = (
			);
			inputPaths = (
			);
			name = "[CP] Embed Pods Frameworks";
			outputPaths = (
			);
			runOnlyForDeploymentPostprocessing = 0;
			shellPath = /bin/sh;
			shellScript = "\"${SRCROOT}/Pods/Target Support Files/Pods-RomanNumeralCalculatorDev/Pods-RomanNumeralCalculatorDev-frameworks.sh\"\n";
			showEnvVarsInLog = 0;
		};
		3E76D5E3C152873B36ED6DC6 /* [CP] Copy Pods Resources */ = {
			isa = PBXShellScriptBuildPhase;
			buildActionMask = 2147483647;
			files = (
			);
			inputPaths = (
			);
			name = "[CP] Copy Pods Resources";
			outputPaths = (
			);
			runOnlyForDeploymentPostprocessing = 0;
			shellPath = /bin/sh;
			shellScript = "\"${SRCROOT}/Pods/Target Support Files/Pods-RomanNumeralCalculatorUITests/Pods-RomanNumeralCalculatorUITests-resources.sh\"\n";
			showEnvVarsInLog = 0;
		};
		48655EB7EDD65330D8D5B9BB /* [CP] Check Pods Manifest.lock */ = {
			isa = PBXShellScriptBuildPhase;
			buildActionMask = 2147483647;
			files = (
			);
			inputPaths = (
			);
			name = "[CP] Check Pods Manifest.lock";
			outputPaths = (
			);
			runOnlyForDeploymentPostprocessing = 0;
			shellPath = /bin/sh;
			shellScript = "diff \"${PODS_ROOT}/../Podfile.lock\" \"${PODS_ROOT}/Manifest.lock\" > /dev/null\nif [ $? != 0 ] ; then\n    # print error to STDERR\n    echo \"error: The sandbox is not in sync with the Podfile.lock. Run 'pod install' or update your CocoaPods installation.\" >&2\n    exit 1\nfi\n";
			showEnvVarsInLog = 0;
		};
		4FF399A49B62ECF1B41FB213 /* [CP] Copy Pods Resources */ = {
			isa = PBXShellScriptBuildPhase;
			buildActionMask = 2147483647;
			files = (
			);
			inputPaths = (
			);
			name = "[CP] Copy Pods Resources";
			outputPaths = (
			);
			runOnlyForDeploymentPostprocessing = 0;
			shellPath = /bin/sh;
			shellScript = "\"${SRCROOT}/Pods/Target Support Files/Pods-RomanNumeralCalculatorDev/Pods-RomanNumeralCalculatorDev-resources.sh\"\n";
			showEnvVarsInLog = 0;
		};
		55B98AFCFF9C3D9298A5DD77 /* [CP] Check Pods Manifest.lock */ = {
			isa = PBXShellScriptBuildPhase;
			buildActionMask = 2147483647;
			files = (
			);
			inputPaths = (
			);
			name = "[CP] Check Pods Manifest.lock";
			outputPaths = (
			);
			runOnlyForDeploymentPostprocessing = 0;
			shellPath = /bin/sh;
			shellScript = "diff \"${PODS_ROOT}/../Podfile.lock\" \"${PODS_ROOT}/Manifest.lock\" > /dev/null\nif [ $? != 0 ] ; then\n    # print error to STDERR\n    echo \"error: The sandbox is not in sync with the Podfile.lock. Run 'pod install' or update your CocoaPods installation.\" >&2\n    exit 1\nfi\n";
			showEnvVarsInLog = 0;
		};
		BD54442DFDF3D952A0AD77AE /* [CP] Embed Pods Frameworks */ = {
			isa = PBXShellScriptBuildPhase;
			buildActionMask = 2147483647;
			files = (
			);
			inputPaths = (
			);
			name = "[CP] Embed Pods Frameworks";
			outputPaths = (
			);
			runOnlyForDeploymentPostprocessing = 0;
			shellPath = /bin/sh;
			shellScript = "\"${SRCROOT}/Pods/Target Support Files/Pods-RomanNumeralCalculatorTests/Pods-RomanNumeralCalculatorTests-frameworks.sh\"\n";
			showEnvVarsInLog = 0;
		};
		E3FECCDE9ACFE7259B4E2770 /* [CP] Copy Pods Resources */ = {
			isa = PBXShellScriptBuildPhase;
			buildActionMask = 2147483647;
			files = (
			);
			inputPaths = (
			);
			name = "[CP] Copy Pods Resources";
			outputPaths = (
			);
			runOnlyForDeploymentPostprocessing = 0;
			shellPath = /bin/sh;
			shellScript = "\"${SRCROOT}/Pods/Target Support Files/Pods-RomanNumeralCalculatorTests/Pods-RomanNumeralCalculatorTests-resources.sh\"\n";
			showEnvVarsInLog = 0;
		};
		E42FFE9123EA752DFD1F6611 /* [CP] Check Pods Manifest.lock */ = {
			isa = PBXShellScriptBuildPhase;
			buildActionMask = 2147483647;
			files = (
			);
			inputPaths = (
			);
			name = "[CP] Check Pods Manifest.lock";
			outputPaths = (
			);
			runOnlyForDeploymentPostprocessing = 0;
			shellPath = /bin/sh;
			shellScript = "diff \"${PODS_ROOT}/../Podfile.lock\" \"${PODS_ROOT}/Manifest.lock\" > /dev/null\nif [ $? != 0 ] ; then\n    # print error to STDERR\n    echo \"error: The sandbox is not in sync with the Podfile.lock. Run 'pod install' or update your CocoaPods installation.\" >&2\n    exit 1\nfi\n";
			showEnvVarsInLog = 0;
		};
/* End PBXShellScriptBuildPhase section */

/* Begin PBXSourcesBuildPhase section */
		42D73B191EBC7BFB00199238 /* Sources */ = {
			isa = PBXSourcesBuildPhase;
			buildActionMask = 2147483647;
			files = (
				42D73B1A1EBC7BFB00199238 /* ViewController.swift in Sources */,
				42D73B1B1EBC7BFB00199238 /* RomanNumeral.swift in Sources */,
				42D73B1C1EBC7BFB00199238 /* AppDelegate.swift in Sources */,
			);
			runOnlyForDeploymentPostprocessing = 0;
		};
		42DE846C1EBA32740017BAE2 /* Sources */ = {
			isa = PBXSourcesBuildPhase;
			buildActionMask = 2147483647;
			files = (
				42DE84731EBA32740017BAE2 /* RomanNumeralCalculatorTests.swift in Sources */,
			);
			runOnlyForDeploymentPostprocessing = 0;
		};
		42DE847A1EBA328F0017BAE2 /* Sources */ = {
			isa = PBXSourcesBuildPhase;
			buildActionMask = 2147483647;
			files = (
				42DE84811EBA328F0017BAE2 /* RomanNumeralCalculatorUITests.swift in Sources */,
			);
			runOnlyForDeploymentPostprocessing = 0;
		};
		835AEC871D80DD7F0046555C /* Sources */ = {
			isa = PBXSourcesBuildPhase;
			buildActionMask = 2147483647;
			files = (
				835AEC911D80DD800046555C /* ViewController.swift in Sources */,
				835AECBD1D80ED8F0046555C /* RomanNumeral.swift in Sources */,
				835AEC8F1D80DD800046555C /* AppDelegate.swift in Sources */,
			);
			runOnlyForDeploymentPostprocessing = 0;
		};
/* End PBXSourcesBuildPhase section */

/* Begin PBXTargetDependency section */
		42DE84761EBA32740017BAE2 /* PBXTargetDependency */ = {
			isa = PBXTargetDependency;
			target = 835AEC8A1D80DD7F0046555C /* RomanNumeralCalculator */;
			targetProxy = 42DE84751EBA32740017BAE2 /* PBXContainerItemProxy */;
		};
		42DE84841EBA328F0017BAE2 /* PBXTargetDependency */ = {
			isa = PBXTargetDependency;
			target = 835AEC8A1D80DD7F0046555C /* RomanNumeralCalculator */;
			targetProxy = 42DE84831EBA328F0017BAE2 /* PBXContainerItemProxy */;
		};
/* End PBXTargetDependency section */

/* Begin PBXVariantGroup section */
		835AEC921D80DD800046555C /* Main.storyboard */ = {
			isa = PBXVariantGroup;
			children = (
				835AEC931D80DD800046555C /* Base */,
			);
			name = Main.storyboard;
			sourceTree = "<group>";
		};
		A91340101DE008F2005ED9CA /* LaunchScreen.xib */ = {
			isa = PBXVariantGroup;
			children = (
				A91340111DE008F2005ED9CA /* Base */,
			);
			name = LaunchScreen.xib;
			sourceTree = "<group>";
		};
/* End PBXVariantGroup section */

/* Begin XCBuildConfiguration section */
		42D73B2C1EBC7BFB00199238 /* Debug */ = {
			isa = XCBuildConfiguration;
			baseConfigurationReference = B22B2727699898BE8EC85AC9 /* Pods-RomanNumeralCalculatorDev.debug.xcconfig */;
			buildSettings = {
				ASSETCATALOG_COMPILER_APPICON_NAME = AppIcon;
				CODE_SIGN_IDENTITY = "iPhone Developer";
				"CODE_SIGN_IDENTITY[sdk=iphoneos*]" = "iPhone Developer";
				DEVELOPMENT_TEAM = ZAD32BLY8Z;
				FRAMEWORK_SEARCH_PATHS = (
					"$(inherited)",
					"$(PROJECT_DIR)",
				);
				INFOPLIST_FILE = "$(SRCROOT)/RomanNumeralCalculatorDev-Info.plist";
				LD_RUNPATH_SEARCH_PATHS = "$(inherited) @executable_path/Frameworks";
				PRODUCT_BUNDLE_IDENTIFIER = com.buddybuild.udacity.roman.RomanNumeralCalculator;
				PRODUCT_NAME = "$(TARGET_NAME)";
				PROVISIONING_PROFILE = "";
				SWIFT_INSTALL_OBJC_HEADER = NO;
				SWIFT_OBJC_BRIDGING_HEADER = "Bridging-Header.h";
				SWIFT_VERSION = 3.0;
				TARGETED_DEVICE_FAMILY = "1,2";
			};
			name = Debug;
		};
		42D73B2D1EBC7BFB00199238 /* Release */ = {
			isa = XCBuildConfiguration;
			baseConfigurationReference = 8715F20408E0D6AD22C6B5E1 /* Pods-RomanNumeralCalculatorDev.release.xcconfig */;
			buildSettings = {
				ASSETCATALOG_COMPILER_APPICON_NAME = AppIcon;
				CODE_SIGN_IDENTITY = "iPhone Developer";
				"CODE_SIGN_IDENTITY[sdk=iphoneos*]" = "iPhone Developer";
				DEVELOPMENT_TEAM = ZAD32BLY8Z;
				FRAMEWORK_SEARCH_PATHS = (
					"$(inherited)",
					"$(PROJECT_DIR)",
				);
				INFOPLIST_FILE = "$(SRCROOT)/RomanNumeralCalculatorDev-Info.plist";
				LD_RUNPATH_SEARCH_PATHS = "$(inherited) @executable_path/Frameworks";
				PRODUCT_BUNDLE_IDENTIFIER = com.buddybuild.udacity.roman.RomanNumeralCalculator;
				PRODUCT_NAME = "$(TARGET_NAME)";
				PROVISIONING_PROFILE = "";
				SWIFT_INSTALL_OBJC_HEADER = NO;
				SWIFT_OBJC_BRIDGING_HEADER = "Bridging-Header.h";
				SWIFT_VERSION = 3.0;
				TARGETED_DEVICE_FAMILY = "1,2";
			};
			name = Release;
		};
		42DE84781EBA32740017BAE2 /* Debug */ = {
			isa = XCBuildConfiguration;
			baseConfigurationReference = 6915DE6AE00E6DFFE79F2996 /* Pods-RomanNumeralCalculatorTests.debug.xcconfig */;
			buildSettings = {
				BUNDLE_LOADER = "$(TEST_HOST)";
				CLANG_ANALYZER_NUMBER_OBJECT_CONVERSION = YES_AGGRESSIVE;
				CLANG_WARN_DOCUMENTATION_COMMENTS = YES;
				DEVELOPMENT_TEAM = ZAD32BLY8Z;
				INFOPLIST_FILE = RomanNumeralCalculatorTests/Info.plist;
				IPHONEOS_DEPLOYMENT_TARGET = 10.3;
				LD_RUNPATH_SEARCH_PATHS = "$(inherited) @executable_path/Frameworks @loader_path/Frameworks";
				PRODUCT_BUNDLE_IDENTIFIER = com.buddybuild.udacity.RomanNumeralCalculatorTests;
				PRODUCT_NAME = "$(TARGET_NAME)";
				SWIFT_ACTIVE_COMPILATION_CONDITIONS = DEBUG;
				SWIFT_VERSION = 3.0;
				TEST_HOST = "$(BUILT_PRODUCTS_DIR)/RomanNumeralCalculator.app/RomanNumeralCalculator";
			};
			name = Debug;
		};
		42DE84791EBA32740017BAE2 /* Release */ = {
			isa = XCBuildConfiguration;
			baseConfigurationReference = 33F48317E565F72FE74686C4 /* Pods-RomanNumeralCalculatorTests.release.xcconfig */;
			buildSettings = {
				BUNDLE_LOADER = "$(TEST_HOST)";
				CLANG_ANALYZER_NUMBER_OBJECT_CONVERSION = YES_AGGRESSIVE;
				CLANG_WARN_DOCUMENTATION_COMMENTS = YES;
				DEVELOPMENT_TEAM = ZAD32BLY8Z;
				INFOPLIST_FILE = RomanNumeralCalculatorTests/Info.plist;
				IPHONEOS_DEPLOYMENT_TARGET = 10.3;
				LD_RUNPATH_SEARCH_PATHS = "$(inherited) @executable_path/Frameworks @loader_path/Frameworks";
				PRODUCT_BUNDLE_IDENTIFIER = com.buddybuild.udacity.RomanNumeralCalculatorTests;
				PRODUCT_NAME = "$(TARGET_NAME)";
				SWIFT_VERSION = 3.0;
				TEST_HOST = "$(BUILT_PRODUCTS_DIR)/RomanNumeralCalculator.app/RomanNumeralCalculator";
			};
			name = Release;
		};
		42DE84861EBA328F0017BAE2 /* Debug */ = {
			isa = XCBuildConfiguration;
			baseConfigurationReference = 36DB428ED4CBDA0047400BFB /* Pods-RomanNumeralCalculatorUITests.debug.xcconfig */;
			buildSettings = {
				CLANG_ANALYZER_NUMBER_OBJECT_CONVERSION = YES_AGGRESSIVE;
				CLANG_WARN_DOCUMENTATION_COMMENTS = YES;
				DEVELOPMENT_TEAM = ZAD32BLY8Z;
				INFOPLIST_FILE = RomanNumeralCalculatorUITests/Info.plist;
				IPHONEOS_DEPLOYMENT_TARGET = 10.3;
				LD_RUNPATH_SEARCH_PATHS = "$(inherited) @executable_path/Frameworks @loader_path/Frameworks";
				PRODUCT_BUNDLE_IDENTIFIER = com.buddybuild.udacity.RomanNumeralCalculatorUITests;
				PRODUCT_NAME = "$(TARGET_NAME)";
				SWIFT_ACTIVE_COMPILATION_CONDITIONS = DEBUG;
				SWIFT_VERSION = 3.0;
				TEST_TARGET_NAME = RomanNumeralCalculator;
			};
			name = Debug;
		};
		42DE84871EBA328F0017BAE2 /* Release */ = {
			isa = XCBuildConfiguration;
			baseConfigurationReference = AC3A33E67DBF470B61B3A227 /* Pods-RomanNumeralCalculatorUITests.release.xcconfig */;
			buildSettings = {
				CLANG_ANALYZER_NUMBER_OBJECT_CONVERSION = YES_AGGRESSIVE;
				CLANG_WARN_DOCUMENTATION_COMMENTS = YES;
				DEVELOPMENT_TEAM = ZAD32BLY8Z;
				INFOPLIST_FILE = RomanNumeralCalculatorUITests/Info.plist;
				IPHONEOS_DEPLOYMENT_TARGET = 10.3;
				LD_RUNPATH_SEARCH_PATHS = "$(inherited) @executable_path/Frameworks @loader_path/Frameworks";
				PRODUCT_BUNDLE_IDENTIFIER = com.buddybuild.udacity.RomanNumeralCalculatorUITests;
				PRODUCT_NAME = "$(TARGET_NAME)";
				SWIFT_VERSION = 3.0;
				TEST_TARGET_NAME = RomanNumeralCalculator;
			};
			name = Release;
		};
		835AECB11D80DD800046555C /* Debug */ = {
			isa = XCBuildConfiguration;
			buildSettings = {
				ALWAYS_SEARCH_USER_PATHS = NO;
				CLANG_ANALYZER_NONNULL = YES;
				CLANG_CXX_LANGUAGE_STANDARD = "gnu++0x";
				CLANG_CXX_LIBRARY = "libc++";
				CLANG_ENABLE_MODULES = YES;
				CLANG_ENABLE_OBJC_ARC = YES;
				CLANG_WARN_BOOL_CONVERSION = YES;
				CLANG_WARN_CONSTANT_CONVERSION = YES;
				CLANG_WARN_DIRECT_OBJC_ISA_USAGE = YES_ERROR;
				CLANG_WARN_EMPTY_BODY = YES;
				CLANG_WARN_ENUM_CONVERSION = YES;
				CLANG_WARN_INFINITE_RECURSION = YES;
				CLANG_WARN_INT_CONVERSION = YES;
				CLANG_WARN_OBJC_ROOT_CLASS = YES_ERROR;
				CLANG_WARN_SUSPICIOUS_MOVE = YES;
				CLANG_WARN_UNREACHABLE_CODE = YES;
				CLANG_WARN__DUPLICATE_METHOD_MATCH = YES;
				"CODE_SIGN_IDENTITY[sdk=iphoneos*]" = "iPhone Developer";
				COPY_PHASE_STRIP = NO;
				DEBUG_INFORMATION_FORMAT = dwarf;
				ENABLE_STRICT_OBJC_MSGSEND = YES;
				ENABLE_TESTABILITY = YES;
				GCC_C_LANGUAGE_STANDARD = gnu99;
				GCC_DYNAMIC_NO_PIC = NO;
				GCC_NO_COMMON_BLOCKS = YES;
				GCC_OPTIMIZATION_LEVEL = 0;
				GCC_PREPROCESSOR_DEFINITIONS = (
					"DEBUG=1",
					"$(inherited)",
				);
				GCC_WARN_64_TO_32_BIT_CONVERSION = YES;
				GCC_WARN_ABOUT_RETURN_TYPE = YES_ERROR;
				GCC_WARN_UNDECLARED_SELECTOR = YES;
				GCC_WARN_UNINITIALIZED_AUTOS = YES_AGGRESSIVE;
				GCC_WARN_UNUSED_FUNCTION = YES;
				GCC_WARN_UNUSED_VARIABLE = YES;
				IPHONEOS_DEPLOYMENT_TARGET = 9.3;
				MTL_ENABLE_DEBUG_INFO = YES;
				ONLY_ACTIVE_ARCH = YES;
				SDKROOT = iphoneos;
				SWIFT_OPTIMIZATION_LEVEL = "-Onone";
				TARGETED_DEVICE_FAMILY = "1,2";
			};
			name = Debug;
		};
		835AECB21D80DD800046555C /* Release */ = {
			isa = XCBuildConfiguration;
			buildSettings = {
				ALWAYS_SEARCH_USER_PATHS = NO;
				CLANG_ANALYZER_NONNULL = YES;
				CLANG_CXX_LANGUAGE_STANDARD = "gnu++0x";
				CLANG_CXX_LIBRARY = "libc++";
				CLANG_ENABLE_MODULES = YES;
				CLANG_ENABLE_OBJC_ARC = YES;
				CLANG_WARN_BOOL_CONVERSION = YES;
				CLANG_WARN_CONSTANT_CONVERSION = YES;
				CLANG_WARN_DIRECT_OBJC_ISA_USAGE = YES_ERROR;
				CLANG_WARN_EMPTY_BODY = YES;
				CLANG_WARN_ENUM_CONVERSION = YES;
				CLANG_WARN_INFINITE_RECURSION = YES;
				CLANG_WARN_INT_CONVERSION = YES;
				CLANG_WARN_OBJC_ROOT_CLASS = YES_ERROR;
				CLANG_WARN_SUSPICIOUS_MOVE = YES;
				CLANG_WARN_UNREACHABLE_CODE = YES;
				CLANG_WARN__DUPLICATE_METHOD_MATCH = YES;
				"CODE_SIGN_IDENTITY[sdk=iphoneos*]" = "iPhone Developer";
				COPY_PHASE_STRIP = NO;
				DEBUG_INFORMATION_FORMAT = "dwarf-with-dsym";
				ENABLE_NS_ASSERTIONS = NO;
				ENABLE_STRICT_OBJC_MSGSEND = YES;
				GCC_C_LANGUAGE_STANDARD = gnu99;
				GCC_NO_COMMON_BLOCKS = YES;
				GCC_WARN_64_TO_32_BIT_CONVERSION = YES;
				GCC_WARN_ABOUT_RETURN_TYPE = YES_ERROR;
				GCC_WARN_UNDECLARED_SELECTOR = YES;
				GCC_WARN_UNINITIALIZED_AUTOS = YES_AGGRESSIVE;
				GCC_WARN_UNUSED_FUNCTION = YES;
				GCC_WARN_UNUSED_VARIABLE = YES;
				IPHONEOS_DEPLOYMENT_TARGET = 9.3;
				MTL_ENABLE_DEBUG_INFO = NO;
				SDKROOT = iphoneos;
				SWIFT_OPTIMIZATION_LEVEL = "-Owholemodule";
				TARGETED_DEVICE_FAMILY = "1,2";
				VALIDATE_PRODUCT = YES;
			};
			name = Release;
		};
		835AECB41D80DD800046555C /* Debug */ = {
			isa = XCBuildConfiguration;
			baseConfigurationReference = 008162A17C74E89635DB6922 /* Pods-RomanNumeralCalculator.debug.xcconfig */;
			buildSettings = {
				ASSETCATALOG_COMPILER_APPICON_NAME = AppIcon;
				CODE_SIGN_IDENTITY = "iPhone Developer";
				"CODE_SIGN_IDENTITY[sdk=iphoneos*]" = "iPhone Developer";
				DEVELOPMENT_TEAM = ZAD32BLY8Z;
				FRAMEWORK_SEARCH_PATHS = (
					"$(inherited)",
					"$(PROJECT_DIR)",
				);
				INFOPLIST_FILE = RomanNumeralCalculator/Info.plist;
				LD_RUNPATH_SEARCH_PATHS = "$(inherited) @executable_path/Frameworks";
				PRODUCT_BUNDLE_IDENTIFIER = com.buddybuild.udacity.roman.RomanNumeralCalculator;
				PRODUCT_NAME = "$(TARGET_NAME)";
				PROVISIONING_PROFILE = "";
				SWIFT_INSTALL_OBJC_HEADER = NO;
				SWIFT_OBJC_BRIDGING_HEADER = "Bridging-Header.h";
				SWIFT_VERSION = 3.0;
			};
			name = Debug;
		};
		835AECB51D80DD800046555C /* Release */ = {
			isa = XCBuildConfiguration;
			baseConfigurationReference = A808F7FBC627742431692538 /* Pods-RomanNumeralCalculator.release.xcconfig */;
			buildSettings = {
				ASSETCATALOG_COMPILER_APPICON_NAME = AppIcon;
				CODE_SIGN_IDENTITY = "iPhone Developer";
				"CODE_SIGN_IDENTITY[sdk=iphoneos*]" = "iPhone Developer";
				DEVELOPMENT_TEAM = ZAD32BLY8Z;
				FRAMEWORK_SEARCH_PATHS = (
					"$(inherited)",
					"$(PROJECT_DIR)",
				);
				INFOPLIST_FILE = RomanNumeralCalculator/Info.plist;
				LD_RUNPATH_SEARCH_PATHS = "$(inherited) @executable_path/Frameworks";
				PRODUCT_BUNDLE_IDENTIFIER = com.buddybuild.udacity.roman.RomanNumeralCalculator;
				PRODUCT_NAME = "$(TARGET_NAME)";
				PROVISIONING_PROFILE = "";
				SWIFT_INSTALL_OBJC_HEADER = NO;
				SWIFT_OBJC_BRIDGING_HEADER = "Bridging-Header.h";
				SWIFT_VERSION = 3.0;
			};
			name = Release;
		};
/* End XCBuildConfiguration section */

/* Begin XCConfigurationList section */
		42D73B2B1EBC7BFB00199238 /* Build configuration list for PBXNativeTarget "RomanNumeralCalculatorDev" */ = {
			isa = XCConfigurationList;
			buildConfigurations = (
				42D73B2C1EBC7BFB00199238 /* Debug */,
				42D73B2D1EBC7BFB00199238 /* Release */,
			);
			defaultConfigurationIsVisible = 0;
			defaultConfigurationName = Release;
		};
		42DE84771EBA32740017BAE2 /* Build configuration list for PBXNativeTarget "RomanNumeralCalculatorTests" */ = {
			isa = XCConfigurationList;
			buildConfigurations = (
				42DE84781EBA32740017BAE2 /* Debug */,
				42DE84791EBA32740017BAE2 /* Release */,
			);
			defaultConfigurationIsVisible = 0;
			defaultConfigurationName = Release;
		};
		42DE84851EBA328F0017BAE2 /* Build configuration list for PBXNativeTarget "RomanNumeralCalculatorUITests" */ = {
			isa = XCConfigurationList;
			buildConfigurations = (
				42DE84861EBA328F0017BAE2 /* Debug */,
				42DE84871EBA328F0017BAE2 /* Release */,
			);
			defaultConfigurationIsVisible = 0;
			defaultConfigurationName = Release;
		};
		835AEC861D80DD7F0046555C /* Build configuration list for PBXProject "RomanNumeralCalculator" */ = {
			isa = XCConfigurationList;
			buildConfigurations = (
				835AECB11D80DD800046555C /* Debug */,
				835AECB21D80DD800046555C /* Release */,
			);
			defaultConfigurationIsVisible = 0;
			defaultConfigurationName = Release;
		};
		835AECB31D80DD800046555C /* Build configuration list for PBXNativeTarget "RomanNumeralCalculator" */ = {
			isa = XCConfigurationList;
			buildConfigurations = (
				835AECB41D80DD800046555C /* Debug */,
				835AECB51D80DD800046555C /* Release */,
			);
			defaultConfigurationIsVisible = 0;
			defaultConfigurationName = Release;
		};
/* End XCConfigurationList section */
	};
	rootObject = 835AEC831D80DD7F0046555C /* Project object */;
}
